
Microsoft Visual Studio Solution File, Format Version 12.00
# Visual Studio 2013
Project("{8BC9CEB8-8B4A-11D0-8D11-00A0C91BC942}") = "ALL_BUILD", "ALL_BUILD.vcxproj", "{2E5F8699-6B7F-3779-BDFC-6CFB07A36F8D}"
	ProjectSection(ProjectDependencies) = postProject
		{AB46E009-C679-3540-96B3-91250BF3C1A4} = {AB46E009-C679-3540-96B3-91250BF3C1A4}
		{169E9CA1-36C0-36AF-86F0-CE2D845EDA41} = {169E9CA1-36C0-36AF-86F0-CE2D845EDA41}
		{D0F66ECF-41AB-3874-8B2C-3A576940C41E} = {D0F66ECF-41AB-3874-8B2C-3A576940C41E}
		{2092FCA1-0DA4-3E35-AEFD-97FE542DCCA2} = {2092FCA1-0DA4-3E35-AEFD-97FE542DCCA2}
		{4DF23A1E-62AC-38EB-884F-1158B1C0464E} = {4DF23A1E-62AC-38EB-884F-1158B1C0464E}
		{E6FB36DD-F257-34BE-941A-475D2F21F814} = {E6FB36DD-F257-34BE-941A-475D2F21F814}
		{96FCDAB7-B8E5-39C3-94AD-B7D6C5C85550} = {96FCDAB7-B8E5-39C3-94AD-B7D6C5C85550}
		{F4ECE7DB-96CB-325D-97BF-92E8C40E0CEF} = {F4ECE7DB-96CB-325D-97BF-92E8C40E0CEF}
		{615A558C-7B8B-3495-BAB0-B6EC99E580F5} = {615A558C-7B8B-3495-BAB0-B6EC99E580F5}
		{5F1036A2-072B-32F5-BFAC-17B8161589AD} = {5F1036A2-072B-32F5-BFAC-17B8161589AD}
	EndProjectSection
EndProject
Project("{8BC9CEB8-8B4A-11D0-8D11-00A0C91BC942}") = "INSTALL", "INSTALL.vcxproj", "{7CA9FA40-1079-3122-A357-749859BC928B}"
	ProjectSection(ProjectDependencies) = postProject
		{2E5F8699-6B7F-3779-BDFC-6CFB07A36F8D} = {2E5F8699-6B7F-3779-BDFC-6CFB07A36F8D}
		{AB46E009-C679-3540-96B3-91250BF3C1A4} = {AB46E009-C679-3540-96B3-91250BF3C1A4}
	EndProjectSection
EndProject
Project("{8BC9CEB8-8B4A-11D0-8D11-00A0C91BC942}") = "RUN_TESTS", "RUN_TESTS.vcxproj", "{BE6ADEA6-5F22-35DC-8FD5-14FA9316A85F}"
	ProjectSection(ProjectDependencies) = postProject
		{AB46E009-C679-3540-96B3-91250BF3C1A4} = {AB46E009-C679-3540-96B3-91250BF3C1A4}
	EndProjectSection
EndProject
Project("{8BC9CEB8-8B4A-11D0-8D11-00A0C91BC942}") = "ZERO_CHECK", "ZERO_CHECK.vcxproj", "{AB46E009-C679-3540-96B3-91250BF3C1A4}"
	ProjectSection(ProjectDependencies) = postProject
	EndProjectSection
EndProject
Project("{8BC9CEB8-8B4A-11D0-8D11-00A0C91BC942}") = "genfiles", "genfiles.vcxproj", "{0479D70E-8167-3643-946F-55C4AC6C6BD9}"
	ProjectSection(ProjectDependencies) = postProject
		{AB46E009-C679-3540-96B3-91250BF3C1A4} = {AB46E009-C679-3540-96B3-91250BF3C1A4}
	EndProjectSection
EndProject
Project("{8BC9CEB8-8B4A-11D0-8D11-00A0C91BC942}") = "png", "png.vcxproj", "{169E9CA1-36C0-36AF-86F0-CE2D845EDA41}"
	ProjectSection(ProjectDependencies) = postProject
		{AB46E009-C679-3540-96B3-91250BF3C1A4} = {AB46E009-C679-3540-96B3-91250BF3C1A4}
		{0479D70E-8167-3643-946F-55C4AC6C6BD9} = {0479D70E-8167-3643-946F-55C4AC6C6BD9}
	EndProjectSection
EndProject
Project("{8BC9CEB8-8B4A-11D0-8D11-00A0C91BC942}") = "png-fix-itxt", "png-fix-itxt.vcxproj", "{D0F66ECF-41AB-3874-8B2C-3A576940C41E}"
	ProjectSection(ProjectDependencies) = postProject
		{AB46E009-C679-3540-96B3-91250BF3C1A4} = {AB46E009-C679-3540-96B3-91250BF3C1A4}
	EndProjectSection
EndProject
Project("{8BC9CEB8-8B4A-11D0-8D11-00A0C91BC942}") = "png_static", "png_static.vcxproj", "{2092FCA1-0DA4-3E35-AEFD-97FE542DCCA2}"
	ProjectSection(ProjectDependencies) = postProject
		{AB46E009-C679-3540-96B3-91250BF3C1A4} = {AB46E009-C679-3540-96B3-91250BF3C1A4}
		{0479D70E-8167-3643-946F-55C4AC6C6BD9} = {0479D70E-8167-3643-946F-55C4AC6C6BD9}
	EndProjectSection
EndProject
Project("{8BC9CEB8-8B4A-11D0-8D11-00A0C91BC942}") = "pngfix", "pngfix.vcxproj", "{4DF23A1E-62AC-38EB-884F-1158B1C0464E}"
	ProjectSection(ProjectDependencies) = postProject
		{AB46E009-C679-3540-96B3-91250BF3C1A4} = {AB46E009-C679-3540-96B3-91250BF3C1A4}
		{169E9CA1-36C0-36AF-86F0-CE2D845EDA41} = {169E9CA1-36C0-36AF-86F0-CE2D845EDA41}
	EndProjectSection
EndProject
Project("{8BC9CEB8-8B4A-11D0-8D11-00A0C91BC942}") = "pngimage", "pngimage.vcxproj", "{E6FB36DD-F257-34BE-941A-475D2F21F814}"
	ProjectSection(ProjectDependencies) = postProject
		{AB46E009-C679-3540-96B3-91250BF3C1A4} = {AB46E009-C679-3540-96B3-91250BF3C1A4}
		{169E9CA1-36C0-36AF-86F0-CE2D845EDA41} = {169E9CA1-36C0-36AF-86F0-CE2D845EDA41}
	EndProjectSection
EndProject
Project("{8BC9CEB8-8B4A-11D0-8D11-00A0C91BC942}") = "pngstest", "pngstest.vcxproj", "{96FCDAB7-B8E5-39C3-94AD-B7D6C5C85550}"
	ProjectSection(ProjectDependencies) = postProject
		{AB46E009-C679-3540-96B3-91250BF3C1A4} = {AB46E009-C679-3540-96B3-91250BF3C1A4}
		{169E9CA1-36C0-36AF-86F0-CE2D845EDA41} = {169E9CA1-36C0-36AF-86F0-CE2D845EDA41}
	EndProjectSection
EndProject
Project("{8BC9CEB8-8B4A-11D0-8D11-00A0C91BC942}") = "pngtest", "pngtest.vcxproj", "{F4ECE7DB-96CB-325D-97BF-92E8C40E0CEF}"
	ProjectSection(ProjectDependencies) = postProject
		{AB46E009-C679-3540-96B3-91250BF3C1A4} = {AB46E009-C679-3540-96B3-91250BF3C1A4}
		{169E9CA1-36C0-36AF-86F0-CE2D845EDA41} = {169E9CA1-36C0-36AF-86F0-CE2D845EDA41}
	EndProjectSection
EndProject
Project("{8BC9CEB8-8B4A-11D0-8D11-00A0C91BC942}") = "pngunknown", "pngunknown.vcxproj", "{615A558C-7B8B-3495-BAB0-B6EC99E580F5}"
	ProjectSection(ProjectDependencies) = postProject
		{AB46E009-C679-3540-96B3-91250BF3C1A4} = {AB46E009-C679-3540-96B3-91250BF3C1A4}
		{169E9CA1-36C0-36AF-86F0-CE2D845EDA41} = {169E9CA1-36C0-36AF-86F0-CE2D845EDA41}
	EndProjectSection
EndProject
Project("{8BC9CEB8-8B4A-11D0-8D11-00A0C91BC942}") = "pngvalid", "pngvalid.vcxproj", "{5F1036A2-072B-32F5-BFAC-17B8161589AD}"
	ProjectSection(ProjectDependencies) = postProject
		{AB46E009-C679-3540-96B3-91250BF3C1A4} = {AB46E009-C679-3540-96B3-91250BF3C1A4}
		{169E9CA1-36C0-36AF-86F0-CE2D845EDA41} = {169E9CA1-36C0-36AF-86F0-CE2D845EDA41}
	EndProjectSection
EndProject
Global
	GlobalSection(SolutionConfigurationPlatforms) = preSolution
		Debug|Win32 = Debug|Win32
		Release|Win32 = Release|Win32
		MinSizeRel|Win32 = MinSizeRel|Win32
		RelWithDebInfo|Win32 = RelWithDebInfo|Win32
	EndGlobalSection
	GlobalSection(ProjectConfigurationPlatforms) = postSolution
		{2E5F8699-6B7F-3779-BDFC-6CFB07A36F8D}.Debug|Win32.ActiveCfg = Debug|Win32
		{2E5F8699-6B7F-3779-BDFC-6CFB07A36F8D}.Debug|Win32.Build.0 = Debug|Win32
		{2E5F8699-6B7F-3779-BDFC-6CFB07A36F8D}.Release|Win32.ActiveCfg = Release|Win32
		{2E5F8699-6B7F-3779-BDFC-6CFB07A36F8D}.Release|Win32.Build.0 = Release|Win32
		{2E5F8699-6B7F-3779-BDFC-6CFB07A36F8D}.MinSizeRel|Win32.ActiveCfg = MinSizeRel|Win32
		{2E5F8699-6B7F-3779-BDFC-6CFB07A36F8D}.MinSizeRel|Win32.Build.0 = MinSizeRel|Win32
		{2E5F8699-6B7F-3779-BDFC-6CFB07A36F8D}.RelWithDebInfo|Win32.ActiveCfg = RelWithDebInfo|Win32
		{2E5F8699-6B7F-3779-BDFC-6CFB07A36F8D}.RelWithDebInfo|Win32.Build.0 = RelWithDebInfo|Win32
		{7CA9FA40-1079-3122-A357-749859BC928B}.Debug|Win32.ActiveCfg = Debug|Win32
		{7CA9FA40-1079-3122-A357-749859BC928B}.Release|Win32.ActiveCfg = Release|Win32
		{7CA9FA40-1079-3122-A357-749859BC928B}.MinSizeRel|Win32.ActiveCfg = MinSizeRel|Win32
		{7CA9FA40-1079-3122-A357-749859BC928B}.RelWithDebInfo|Win32.ActiveCfg = RelWithDebInfo|Win32
		{BE6ADEA6-5F22-35DC-8FD5-14FA9316A85F}.Debug|Win32.ActiveCfg = Debug|Win32
		{BE6ADEA6-5F22-35DC-8FD5-14FA9316A85F}.Release|Win32.ActiveCfg = Release|Win32
		{BE6ADEA6-5F22-35DC-8FD5-14FA9316A85F}.MinSizeRel|Win32.ActiveCfg = MinSizeRel|Win32
		{BE6ADEA6-5F22-35DC-8FD5-14FA9316A85F}.RelWithDebInfo|Win32.ActiveCfg = RelWithDebInfo|Win32
		{AB46E009-C679-3540-96B3-91250BF3C1A4}.Debug|Win32.ActiveCfg = Debug|Win32
		{AB46E009-C679-3540-96B3-91250BF3C1A4}.Debug|Win32.Build.0 = Debug|Win32
		{AB46E009-C679-3540-96B3-91250BF3C1A4}.Release|Win32.ActiveCfg = Release|Win32
		{AB46E009-C679-3540-96B3-91250BF3C1A4}.Release|Win32.Build.0 = Release|Win32
		{AB46E009-C679-3540-96B3-91250BF3C1A4}.MinSizeRel|Win32.ActiveCfg = MinSizeRel|Win32
		{AB46E009-C679-3540-96B3-91250BF3C1A4}.MinSizeRel|Win32.Build.0 = MinSizeRel|Win32
		{AB46E009-C679-3540-96B3-91250BF3C1A4}.RelWithDebInfo|Win32.ActiveCfg = RelWithDebInfo|Win32
		{AB46E009-C679-3540-96B3-91250BF3C1A4}.RelWithDebInfo|Win32.Build.0 = RelWithDebInfo|Win32
		{0479D70E-8167-3643-946F-55C4AC6C6BD9}.Debug|Win32.ActiveCfg = Debug|Win32
		{0479D70E-8167-3643-946F-55C4AC6C6BD9}.Debug|Win32.Build.0 = Debug|Win32
		{0479D70E-8167-3643-946F-55C4AC6C6BD9}.Release|Win32.ActiveCfg = Release|Win32
		{0479D70E-8167-3643-946F-55C4AC6C6BD9}.Release|Win32.Build.0 = Release|Win32
		{0479D70E-8167-3643-946F-55C4AC6C6BD9}.MinSizeRel|Win32.ActiveCfg = MinSizeRel|Win32
		{0479D70E-8167-3643-946F-55C4AC6C6BD9}.MinSizeRel|Win32.Build.0 = MinSizeRel|Win32
		{0479D70E-8167-3643-946F-55C4AC6C6BD9}.RelWithDebInfo|Win32.ActiveCfg = RelWithDebInfo|Win32
		{0479D70E-8167-3643-946F-55C4AC6C6BD9}.RelWithDebInfo|Win32.Build.0 = RelWithDebInfo|Win32
		{169E9CA1-36C0-36AF-86F0-CE2D845EDA41}.Debug|Win32.ActiveCfg = Debug|Win32
		{169E9CA1-36C0-36AF-86F0-CE2D845EDA41}.Debug|Win32.Build.0 = Debug|Win32
		{169E9CA1-36C0-36AF-86F0-CE2D845EDA41}.Release|Win32.ActiveCfg = Release|Win32
		{169E9CA1-36C0-36AF-86F0-CE2D845EDA41}.Release|Win32.Build.0 = Release|Win32
		{169E9CA1-36C0-36AF-86F0-CE2D845EDA41}.MinSizeRel|Win32.ActiveCfg = MinSizeRel|Win32
		{169E9CA1-36C0-36AF-86F0-CE2D845EDA41}.MinSizeRel|Win32.Build.0 = MinSizeRel|Win32
		{169E9CA1-36C0-36AF-86F0-CE2D845EDA41}.RelWithDebInfo|Win32.ActiveCfg = RelWithDebInfo|Win32
		{169E9CA1-36C0-36AF-86F0-CE2D845EDA41}.RelWithDebInfo|Win32.Build.0 = RelWithDebInfo|Win32
		{D0F66ECF-41AB-3874-8B2C-3A576940C41E}.Debug|Win32.ActiveCfg = Debug|Win32
		{D0F66ECF-41AB-3874-8B2C-3A576940C41E}.Debug|Win32.Build.0 = Debug|Win32
		{D0F66ECF-41AB-3874-8B2C-3A576940C41E}.Release|Win32.ActiveCfg = Release|Win32
		{D0F66ECF-41AB-3874-8B2C-3A576940C41E}.Release|Win32.Build.0 = Release|Win32
		{D0F66ECF-41AB-3874-8B2C-3A576940C41E}.MinSizeRel|Win32.ActiveCfg = MinSizeRel|Win32
		{D0F66ECF-41AB-3874-8B2C-3A576940C41E}.MinSizeRel|Win32.Build.0 = MinSizeRel|Win32
		{D0F66ECF-41AB-3874-8B2C-3A576940C41E}.RelWithDebInfo|Win32.ActiveCfg = RelWithDebInfo|Win32
		{D0F66ECF-41AB-3874-8B2C-3A576940C41E}.RelWithDebInfo|Win32.Build.0 = RelWithDebInfo|Win32
		{2092FCA1-0DA4-3E35-AEFD-97FE542DCCA2}.Debug|Win32.ActiveCfg = Debug|Win32
		{2092FCA1-0DA4-3E35-AEFD-97FE542DCCA2}.Debug|Win32.Build.0 = Debug|Win32
		{2092FCA1-0DA4-3E35-AEFD-97FE542DCCA2}.Release|Win32.ActiveCfg = Release|Win32
		{2092FCA1-0DA4-3E35-AEFD-97FE542DCCA2}.Release|Win32.Build.0 = Release|Win32
		{2092FCA1-0DA4-3E35-AEFD-97FE542DCCA2}.MinSizeRel|Win32.ActiveCfg = MinSizeRel|Win32
		{2092FCA1-0DA4-3E35-AEFD-97FE542DCCA2}.MinSizeRel|Win32.Build.0 = MinSizeRel|Win32
		{2092FCA1-0DA4-3E35-AEFD-97FE542DCCA2}.RelWithDebInfo|Win32.ActiveCfg = RelWithDebInfo|Win32
		{2092FCA1-0DA4-3E35-AEFD-97FE542DCCA2}.RelWithDebInfo|Win32.Build.0 = RelWithDebInfo|Win32
		{4DF23A1E-62AC-38EB-884F-1158B1C0464E}.Debug|Win32.ActiveCfg = Debug|Win32
		{4DF23A1E-62AC-38EB-884F-1158B1C0464E}.Debug|Win32.Build.0 = Debug|Win32
		{4DF23A1E-62AC-38EB-884F-1158B1C0464E}.Release|Win32.ActiveCfg = Release|Win32
		{4DF23A1E-62AC-38EB-884F-1158B1C0464E}.Release|Win32.Build.0 = Release|Win32
		{4DF23A1E-62AC-38EB-884F-1158B1C0464E}.MinSizeRel|Win32.ActiveCfg = MinSizeRel|Win32
		{4DF23A1E-62AC-38EB-884F-1158B1C0464E}.MinSizeRel|Win32.Build.0 = MinSizeRel|Win32
		{4DF23A1E-62AC-38EB-884F-1158B1C0464E}.RelWithDebInfo|Win32.ActiveCfg = RelWithDebInfo|Win32
		{4DF23A1E-62AC-38EB-884F-1158B1C0464E}.RelWithDebInfo|Win32.Build.0 = RelWithDebInfo|Win32
		{E6FB36DD-F257-34BE-941A-475D2F21F814}.Debug|Win32.ActiveCfg = Debug|Win32
		{E6FB36DD-F257-34BE-941A-475D2F21F814}.Debug|Win32.Build.0 = Debug|Win32
		{E6FB36DD-F257-34BE-941A-475D2F21F814}.Release|Win32.ActiveCfg = Release|Win32
		{E6FB36DD-F257-34BE-941A-475D2F21F814}.Release|Win32.Build.0 = Release|Win32
		{E6FB36DD-F257-34BE-941A-475D2F21F814}.MinSizeRel|Win32.ActiveCfg = MinSizeRel|Win32
		{E6FB36DD-F257-34BE-941A-475D2F21F814}.MinSizeRel|Win32.Build.0 = MinSizeRel|Win32
		{E6FB36DD-F257-34BE-941A-475D2F21F814}.RelWithDebInfo|Win32.ActiveCfg = RelWithDebInfo|Win32
		{E6FB36DD-F257-34BE-941A-475D2F21F814}.RelWithDebInfo|Win32.Build.0 = RelWithDebInfo|Win32
		{96FCDAB7-B8E5-39C3-94AD-B7D6C5C85550}.Debug|Win32.ActiveCfg = Debug|Win32
		{96FCDAB7-B8E5-39C3-94AD-B7D6C5C85550}.Debug|Win32.Build.0 = Debug|Win32
		{96FCDAB7-B8E5-39C3-94AD-B7D6C5C85550}.Release|Win32.ActiveCfg = Release|Win32
		{96FCDAB7-B8E5-39C3-94AD-B7D6C5C85550}.Release|Win32.Build.0 = Release|Win32
		{96FCDAB7-B8E5-39C3-94AD-B7D6C5C85550}.MinSizeRel|Win32.ActiveCfg = MinSizeRel|Win32
		{96FCDAB7-B8E5-39C3-94AD-B7D6C5C85550}.MinSizeRel|Win32.Build.0 = MinSizeRel|Win32
		{96FCDAB7-B8E5-39C3-94AD-B7D6C5C85550}.RelWithDebInfo|Win32.ActiveCfg = RelWithDebInfo|Win32
		{96FCDAB7-B8E5-39C3-94AD-B7D6C5C85550}.RelWithDebInfo|Win32.Build.0 = RelWithDebInfo|Win32
		{F4ECE7DB-96CB-325D-97BF-92E8C40E0CEF}.Debug|Win32.ActiveCfg = Debug|Win32
		{F4ECE7DB-96CB-325D-97BF-92E8C40E0CEF}.Debug|Win32.Build.0 = Debug|Win32
		{F4ECE7DB-96CB-325D-97BF-92E8C40E0CEF}.Release|Win32.ActiveCfg = Release|Win32
		{F4ECE7DB-96CB-325D-97BF-92E8C40E0CEF}.Release|Win32.Build.0 = Release|Win32
		{F4ECE7DB-96CB-325D-97BF-92E8C40E0CEF}.MinSizeRel|Win32.ActiveCfg = MinSizeRel|Win32
		{F4ECE7DB-96CB-325D-97BF-92E8C40E0CEF}.MinSizeRel|Win32.Build.0 = MinSizeRel|Win32
		{F4ECE7DB-96CB-325D-97BF-92E8C40E0CEF}.RelWithDebInfo|Win32.ActiveCfg = RelWithDebInfo|Win32
		{F4ECE7DB-96CB-325D-97BF-92E8C40E0CEF}.RelWithDebInfo|Win32.Build.0 = RelWithDebInfo|Win32
		{615A558C-7B8B-3495-BAB0-B6EC99E580F5}.Debug|Win32.ActiveCfg = Debug|Win32
		{615A558C-7B8B-3495-BAB0-B6EC99E580F5}.Debug|Win32.Build.0 = Debug|Win32
		{615A558C-7B8B-3495-BAB0-B6EC99E580F5}.Release|Win32.ActiveCfg = Release|Win32
		{615A558C-7B8B-3495-BAB0-B6EC99E580F5}.Release|Win32.Build.0 = Release|Win32
		{615A558C-7B8B-3495-BAB0-B6EC99E580F5}.MinSizeRel|Win32.ActiveCfg = MinSizeRel|Win32
		{615A558C-7B8B-3495-BAB0-B6EC99E580F5}.MinSizeRel|Win32.Build.0 = MinSizeRel|Win32
		{615A558C-7B8B-3495-BAB0-B6EC99E580F5}.RelWithDebInfo|Win32.ActiveCfg = RelWithDebInfo|Win32
		{615A558C-7B8B-3495-BAB0-B6EC99E580F5}.RelWithDebInfo|Win32.Build.0 = RelWithDebInfo|Win32
		{5F1036A2-072B-32F5-BFAC-17B8161589AD}.Debug|Win32.ActiveCfg = Debug|Win32
		{5F1036A2-072B-32F5-BFAC-17B8161589AD}.Debug|Win32.Build.0 = Debug|Win32
		{5F1036A2-072B-32F5-BFAC-17B8161589AD}.Release|Win32.ActiveCfg = Release|Win32
		{5F1036A2-072B-32F5-BFAC-17B8161589AD}.Release|Win32.Build.0 = Release|Win32
		{5F1036A2-072B-32F5-BFAC-17B8161589AD}.MinSizeRel|Win32.ActiveCfg = MinSizeRel|Win32
		{5F1036A2-072B-32F5-BFAC-17B8161589AD}.MinSizeRel|Win32.Build.0 = MinSizeRel|Win32
		{5F1036A2-072B-32F5-BFAC-17B8161589AD}.RelWithDebInfo|Win32.ActiveCfg = RelWithDebInfo|Win32
		{5F1036A2-072B-32F5-BFAC-17B8161589AD}.RelWithDebInfo|Win32.Build.0 = RelWithDebInfo|Win32
	EndGlobalSection
	GlobalSection(ExtensibilityGlobals) = postSolution
		SolutionGuid = {BCA33AAF-A890-3B86-9210-33E097DE3B6E}
	EndGlobalSection
	GlobalSection(ExtensibilityAddIns) = postSolution
	EndGlobalSection
EndGlobal
